
Microsoft Visual Studio Solution File, Format Version 12.00
# Visual Studio 15
Project("{FAE04EC0-301F-11D3-BF4B-00C04F79EFBC}") = "Bot", "Bot\Bot.csproj", "{23F76AD8-BF59-4682-8157-E5014DE7AD1A}"
EndProject
Project("{FAE04EC0-301F-11D3-BF4B-00C04F79EFBC}") = "EntityModel", "EntityModel\EntityModel.csproj", "{F48CA557-108A-4860-9820-FB3DE7E34899}"
EndProject
Global
	GlobalSection(SolutionConfigurationPlatforms) = preSolution
		Debug|Any CPU = Debug|Any CPU
		Release|Any CPU = Release|Any CPU
	EndGlobalSection
	GlobalSection(ProjectConfigurationPlatforms) = postSolution
		{23F76AD8-BF59-4682-8157-E5014DE7AD1A}.Debug|Any CPU.ActiveCfg = Debug|Any CPU
		{23F76AD8-BF59-4682-8157-E5014DE7AD1A}.Debug|Any CPU.Build.0 = Debug|Any CPU
		{23F76AD8-BF59-4682-8157-E5014DE7AD1A}.Release|Any CPU.ActiveCfg = Release|Any CPU
		{23F76AD8-BF59-4682-8157-E5014DE7AD1A}.Release|Any CPU.Build.0 = Release|Any CPU
		{F48CA557-108A-4860-9820-FB3DE7E34899}.Debug|Any CPU.ActiveCfg = Debug|Any CPU
		{F48CA557-108A-4860-9820-FB3DE7E34899}.Debug|Any CPU.Build.0 = Debug|Any CPU
		{F48CA557-108A-4860-9820-FB3DE7E34899}.Release|Any CPU.ActiveCfg = Release|Any CPU
		{F48CA557-108A-4860-9820-FB3DE7E34899}.Release|Any CPU.Build.0 = Release|Any CPU
	EndGlobalSection
EndGlobal
