Microsoft Visual Studio Solution File, Format Version 12.00
# Visual Studio Version 16
VisualStudioVersion = 16.0.29905.134
MinimumVisualStudioVersion = 10.0.40219.1
Project("{9A19103F-16F7-4668-BE54-9A1E7A4F7556}") = "Shared", "Shared\Shared.csproj", "{972A9695-C061-445B-89EC-EF3A85032A57}"
EndProject
Project("{9A19103F-16F7-4668-BE54-9A1E7A4F7556}") = "BotAgentRemi", "BotAgentRemi\BotAgentRemi.csproj", "{6B4B87E9-5443-4D41-8B63-104E76A4BF2B}"
EndProject
Project("{9A19103F-16F7-4668-BE54-9A1E7A4F7556}") = "Greyshirt", "GreyShirt\Greyshirt.csproj", "{0DE68FE2-F098-428C-B13A-AB03F7C60A68}"
EndProject
Project("{9A19103F-16F7-4668-BE54-9A1E7A4F7556}") = "Functions", "Functions\Functions.csproj", "{6D4AB81A-D5D8-49E7-AFE7-299EA4E62A16}"
EndProject
Global
	GlobalSection(SolutionConfigurationPlatforms) = preSolution
		Debug|Any CPU = Debug|Any CPU
		Release|Any CPU = Release|Any CPU
	EndGlobalSection
	GlobalSection(ProjectConfigurationPlatforms) = postSolution
		{972A9695-C061-445B-89EC-EF3A85032A57}.Debug|Any CPU.ActiveCfg = Debug|Any CPU
		{972A9695-C061-445B-89EC-EF3A85032A57}.Debug|Any CPU.Build.0 = Debug|Any CPU
		{972A9695-C061-445B-89EC-EF3A85032A57}.Release|Any CPU.ActiveCfg = Release|Any CPU
		{972A9695-C061-445B-89EC-EF3A85032A57}.Release|Any CPU.Build.0 = Release|Any CPU
		{6B4B87E9-5443-4D41-8B63-104E76A4BF2B}.Debug|Any CPU.ActiveCfg = Debug|Any CPU
		{6B4B87E9-5443-4D41-8B63-104E76A4BF2B}.Debug|Any CPU.Build.0 = Debug|Any CPU
		{6B4B87E9-5443-4D41-8B63-104E76A4BF2B}.Release|Any CPU.ActiveCfg = Release|Any CPU
		{6B4B87E9-5443-4D41-8B63-104E76A4BF2B}.Release|Any CPU.Build.0 = Release|Any CPU
		{0DE68FE2-F098-428C-B13A-AB03F7C60A68}.Debug|Any CPU.ActiveCfg = Debug|Any CPU
		{0DE68FE2-F098-428C-B13A-AB03F7C60A68}.Debug|Any CPU.Build.0 = Debug|Any CPU
		{0DE68FE2-F098-428C-B13A-AB03F7C60A68}.Release|Any CPU.ActiveCfg = Release|Any CPU
		{0DE68FE2-F098-428C-B13A-AB03F7C60A68}.Release|Any CPU.Build.0 = Release|Any CPU
		{6D4AB81A-D5D8-49E7-AFE7-299EA4E62A16}.Debug|Any CPU.ActiveCfg = Debug|Any CPU
		{6D4AB81A-D5D8-49E7-AFE7-299EA4E62A16}.Debug|Any CPU.Build.0 = Debug|Any CPU
		{6D4AB81A-D5D8-49E7-AFE7-299EA4E62A16}.Release|Any CPU.ActiveCfg = Release|Any CPU
		{6D4AB81A-D5D8-49E7-AFE7-299EA4E62A16}.Release|Any CPU.Build.0 = Release|Any CPU
	EndGlobalSection
	GlobalSection(SolutionProperties) = preSolution
		HideSolutionNode = FALSE
	EndGlobalSection
	GlobalSection(ExtensibilityGlobals) = postSolution
		SolutionGuid = {B2B74186-30F3-4FBF-9D0C-19E0B8DA64F3}
	EndGlobalSection
EndGlobal
