Microsoft Visual Studio Solution File, Format Version 12.00
# Visual Studio Version 16
VisualStudioVersion = 16.0.29905.134
MinimumVisualStudioVersion = 10.0.40219.1
Project("{9A19103F-16F7-4668-BE54-9A1E7A4F7556}") = "Bot", "Bot\Bot.csproj", "{23F76AD8-BF59-4682-8157-E5014DE7AD1A}"
EndProject
Project("{9A19103F-16F7-4668-BE54-9A1E7A4F7556}") = "Shared", "Shared\Shared.csproj", "{972A9695-C061-445B-89EC-EF3A85032A57}"
EndProject
Global
	GlobalSection(SolutionConfigurationPlatforms) = preSolution
		Debug|Any CPU = Debug|Any CPU
		Release|Any CPU = Release|Any CPU
	EndGlobalSection
	GlobalSection(ProjectConfigurationPlatforms) = postSolution
		{23F76AD8-BF59-4682-8157-E5014DE7AD1A}.Debug|Any CPU.ActiveCfg = Debug|Any CPU
		{23F76AD8-BF59-4682-8157-E5014DE7AD1A}.Debug|Any CPU.Build.0 = Debug|Any CPU
		{23F76AD8-BF59-4682-8157-E5014DE7AD1A}.Release|Any CPU.ActiveCfg = Release|Any CPU
		{23F76AD8-BF59-4682-8157-E5014DE7AD1A}.Release|Any CPU.Build.0 = Release|Any CPU
		{972A9695-C061-445B-89EC-EF3A85032A57}.Debug|Any CPU.ActiveCfg = Debug|Any CPU
		{972A9695-C061-445B-89EC-EF3A85032A57}.Debug|Any CPU.Build.0 = Debug|Any CPU
		{972A9695-C061-445B-89EC-EF3A85032A57}.Release|Any CPU.ActiveCfg = Release|Any CPU
		{972A9695-C061-445B-89EC-EF3A85032A57}.Release|Any CPU.Build.0 = Release|Any CPU
	EndGlobalSection
	GlobalSection(SolutionProperties) = preSolution
		HideSolutionNode = FALSE
	EndGlobalSection
	GlobalSection(ExtensibilityGlobals) = postSolution
		SolutionGuid = {B2B74186-30F3-4FBF-9D0C-19E0B8DA64F3}
	EndGlobalSection
EndGlobal
